PODS:
  - Alamofire (4.8.2)
  - IQKeyboardManagerSwift (6.0.5)
  - MVVM-Swift (1.1.0)
  - ObjectMapper (3.3.0)
  - Realm (3.17.3):
    - Realm/Headers (= 3.17.3)
  - Realm/Headers (3.17.3)
  - RealmSwift (3.17.3):
    - Realm (= 3.17.3)
  - SVProgressHUD (2.2.5)
  - SwifterSwift (5.0.0):
    - SwifterSwift/AppKit (= 5.0.0)
    - SwifterSwift/CoreGraphics (= 5.0.0)
    - SwifterSwift/CoreLocation (= 5.0.0)
    - SwifterSwift/Dispatch (= 5.0.0)
    - SwifterSwift/Foundation (= 5.0.0)
    - SwifterSwift/MapKit (= 5.0.0)
    - SwifterSwift/SpriteKit (= 5.0.0)
    - SwifterSwift/SwiftStdlib (= 5.0.0)
    - SwifterSwift/UIKit (= 5.0.0)
  - SwifterSwift/AppKit (5.0.0)
  - SwifterSwift/CoreGraphics (5.0.0)
  - SwifterSwift/CoreLocation (5.0.0)
  - SwifterSwift/Dispatch (5.0.0)
  - SwifterSwift/Foundation (5.0.0)
  - SwifterSwift/MapKit (5.0.0)
  - SwifterSwift/SpriteKit (5.0.0)
  - SwifterSwift/SwiftStdlib (5.0.0)
  - SwifterSwift/UIKit (5.0.0)
  - SwiftLint (0.27.0)
  - SwiftUtils (4.2)

DEPENDENCIES:
  - Alamofire (= 4.8.2)
  - IQKeyboardManagerSwift (~> 6.0.4)
  - MVVM-Swift (= 1.1.0)
  - ObjectMapper (= 3.3.0)
  - RealmSwift
  - SVProgressHUD (= 2.2.5)
  - SwifterSwift (~> 5.0)
  - SwiftLint (= 0.27.0)
  - SwiftUtils (= 4.2)

SPEC REPOS:
  https://github.com/cocoapods/specs.git:
    - Alamofire
    - IQKeyboardManagerSwift
    - MVVM-Swift
    - ObjectMapper
    - Realm
    - RealmSwift
    - SVProgressHUD
    - SwifterSwift
    - SwiftLint
    - SwiftUtils

SPEC CHECKSUMS:
  Alamofire: ae5c501addb7afdbb13687d7f2f722c78734c2d3
  IQKeyboardManagerSwift: c14eca30f6001457d6ddf25e313f23fb6578c41c
  MVVM-Swift: 54749cc12bb30af41632f30a2c576a18bf9e4bc8
  ObjectMapper: b612bf8c8e99c4dc0bb6013a51f7c27966ed5da9
  Realm: 5a1d9d47bfc101dd597668b1a8af4288a2557f6d
  RealmSwift: b7fdc2d18616621c31df5c7a398a45a2163f8eb0
  SVProgressHUD: 1428aafac632c1f86f62aa4243ec12008d7a51d6
  SwifterSwift: 96f90594b370802f01647c2b1229c74a84ffafee
  SwiftLint: 3207c1faa2240bf8973b191820a116113cd11073
  SwiftUtils: de77bcd1df216c9be6ec7011777302c60a2018a6

PODFILE CHECKSUM: 969c362b9e8758097c9eab13bc76f6757a0ee7c0

COCOAPODS: 1.5.3
